// !$*UTF8*$!
{
	archiveVersion = 1;
	classes = {
	};
	objectVersion = 46;
	objects = {

/* Begin PBXBuildFile section */
		4564672B1C1411B70087015E /* main.m in Sources */ = {isa = PBXBuildFile; fileRef = 4564672A1C1411B70087015E /* main.m */; };
		4564672E1C1411B70087015E /* AppDelegate.m in Sources */ = {isa = PBXBuildFile; fileRef = 4564672D1C1411B70087015E /* AppDelegate.m */; };
		456467311C1411B70087015E /* ViewController.m in Sources */ = {isa = PBXBuildFile; fileRef = 456467301C1411B70087015E /* ViewController.m */; };
		456467341C1411B70087015E /* Main.storyboard in Resources */ = {isa = PBXBuildFile; fileRef = 456467321C1411B70087015E /* Main.storyboard */; };
		456467361C1411B70087015E /* Assets.xcassets in Resources */ = {isa = PBXBuildFile; fileRef = 456467351C1411B70087015E /* Assets.xcassets */; };
		456467391C1411B70087015E /* LaunchScreen.storyboard in Resources */ = {isa = PBXBuildFile; fileRef = 456467371C1411B70087015E /* LaunchScreen.storyboard */; };
		456467441C1411B80087015E /* MasonryDemoTests.m in Sources */ = {isa = PBXBuildFile; fileRef = 456467431C1411B80087015E /* MasonryDemoTests.m */; };
		4564674F1C1411B80087015E /* MasonryDemoUITests.m in Sources */ = {isa = PBXBuildFile; fileRef = 4564674E1C1411B80087015E /* MasonryDemoUITests.m */; };
		456467771C1412540087015E /* Info.plist in Resources */ = {isa = PBXBuildFile; fileRef = 4564675D1C1412540087015E /* Info.plist */; };
		456467781C1412540087015E /* MASCompositeConstraint.m in Sources */ = {isa = PBXBuildFile; fileRef = 4564675F1C1412540087015E /* MASCompositeConstraint.m */; };
		456467791C1412540087015E /* MASConstraint.m in Sources */ = {isa = PBXBuildFile; fileRef = 456467621C1412540087015E /* MASConstraint.m */; };
		4564677A1C1412540087015E /* MASConstraintMaker.m in Sources */ = {isa = PBXBuildFile; fileRef = 456467641C1412540087015E /* MASConstraintMaker.m */; };
		4564677B1C1412540087015E /* MASLayoutConstraint.m in Sources */ = {isa = PBXBuildFile; fileRef = 456467661C1412540087015E /* MASLayoutConstraint.m */; };
		4564677C1C1412540087015E /* MASViewAttribute.m in Sources */ = {isa = PBXBuildFile; fileRef = 4564676A1C1412540087015E /* MASViewAttribute.m */; };
		4564677D1C1412540087015E /* MASViewConstraint.m in Sources */ = {isa = PBXBuildFile; fileRef = 4564676C1C1412540087015E /* MASViewConstraint.m */; };
		4564677E1C1412540087015E /* NSArray+MASAdditions.m in Sources */ = {isa = PBXBuildFile; fileRef = 4564676E1C1412540087015E /* NSArray+MASAdditions.m */; };
		4564677F1C1412540087015E /* NSLayoutConstraint+MASDebugAdditions.m in Sources */ = {isa = PBXBuildFile; fileRef = 456467711C1412540087015E /* NSLayoutConstraint+MASDebugAdditions.m */; };
		456467801C1412540087015E /* View+MASAdditions.m in Sources */ = {isa = PBXBuildFile; fileRef = 456467731C1412540087015E /* View+MASAdditions.m */; };
		456467811C1412540087015E /* ViewController+MASAdditions.m in Sources */ = {isa = PBXBuildFile; fileRef = 456467761C1412540087015E /* ViewController+MASAdditions.m */; };
/* End PBXBuildFile section */

/* Begin PBXContainerItemProxy section */
		456467401C1411B80087015E /* PBXContainerItemProxy */ = {
			isa = PBXContainerItemProxy;
			containerPortal = 4564671E1C1411B70087015E /* Project object */;
			proxyType = 1;
			remoteGlobalIDString = 456467251C1411B70087015E;
			remoteInfo = MasonryDemo;
		};
		4564674B1C1411B80087015E /* PBXContainerItemProxy */ = {
			isa = PBXContainerItemProxy;
			containerPortal = 4564671E1C1411B70087015E /* Project object */;
			proxyType = 1;
			remoteGlobalIDString = 456467251C1411B70087015E;
			remoteInfo = MasonryDemo;
		};
/* End PBXContainerItemProxy section */

/* Begin PBXFileReference section */
		456467261C1411B70087015E /* MasonryDemo.app */ = {isa = PBXFileReference; explicitFileType = wrapper.application; includeInIndex = 0; path = MasonryDemo.app; sourceTree = BUILT_PRODUCTS_DIR; };
		4564672A1C1411B70087015E /* main.m */ = {isa = PBXFileReference; lastKnownFileType = sourcecode.c.objc; path = main.m; sourceTree = "<group>"; };
		4564672C1C1411B70087015E /* AppDelegate.h */ = {isa = PBXFileReference; lastKnownFileType = sourcecode.c.h; path = AppDelegate.h; sourceTree = "<group>"; };
		4564672D1C1411B70087015E /* AppDelegate.m */ = {isa = PBXFileReference; lastKnownFileType = sourcecode.c.objc; path = AppDelegate.m; sourceTree = "<group>"; };
		4564672F1C1411B70087015E /* ViewController.h */ = {isa = PBXFileReference; lastKnownFileType = sourcecode.c.h; path = ViewController.h; sourceTree = "<group>"; };
		456467301C1411B70087015E /* ViewController.m */ = {isa = PBXFileReference; lastKnownFileType = sourcecode.c.objc; path = ViewController.m; sourceTree = "<group>"; };
		456467331C1411B70087015E /* Base */ = {isa = PBXFileReference; lastKnownFileType = file.storyboard; name = Base; path = Base.lproj/Main.storyboard; sourceTree = "<group>"; };
		456467351C1411B70087015E /* Assets.xcassets */ = {isa = PBXFileReference; lastKnownFileType = folder.assetcatalog; path = Assets.xcassets; sourceTree = "<group>"; };
		456467381C1411B70087015E /* Base */ = {isa = PBXFileReference; lastKnownFileType = file.storyboard; name = Base; path = Base.lproj/LaunchScreen.storyboard; sourceTree = "<group>"; };
		4564673A1C1411B70087015E /* Info.plist */ = {isa = PBXFileReference; lastKnownFileType = text.plist.xml; path = Info.plist; sourceTree = "<group>"; };
		4564673F1C1411B80087015E /* MasonryDemoTests.xctest */ = {isa = PBXFileReference; explicitFileType = wrapper.cfbundle; includeInIndex = 0; path = MasonryDemoTests.xctest; sourceTree = BUILT_PRODUCTS_DIR; };
		456467431C1411B80087015E /* MasonryDemoTests.m */ = {isa = PBXFileReference; lastKnownFileType = sourcecode.c.objc; path = MasonryDemoTests.m; sourceTree = "<group>"; };
		456467451C1411B80087015E /* Info.plist */ = {isa = PBXFileReference; lastKnownFileType = text.plist.xml; path = Info.plist; sourceTree = "<group>"; };
		4564674A1C1411B80087015E /* MasonryDemoUITests.xctest */ = {isa = PBXFileReference; explicitFileType = wrapper.cfbundle; includeInIndex = 0; path = MasonryDemoUITests.xctest; sourceTree = BUILT_PRODUCTS_DIR; };
		4564674E1C1411B80087015E /* MasonryDemoUITests.m */ = {isa = PBXFileReference; lastKnownFileType = sourcecode.c.objc; path = MasonryDemoUITests.m; sourceTree = "<group>"; };
		456467501C1411B80087015E /* Info.plist */ = {isa = PBXFileReference; lastKnownFileType = text.plist.xml; path = Info.plist; sourceTree = "<group>"; };
		4564675D1C1412540087015E /* Info.plist */ = {isa = PBXFileReference; fileEncoding = 4; lastKnownFileType = text.plist.xml; path = Info.plist; sourceTree = "<group>"; };
		4564675E1C1412540087015E /* MASCompositeConstraint.h */ = {isa = PBXFileReference; fileEncoding = 4; lastKnownFileType = sourcecode.c.h; path = MASCompositeConstraint.h; sourceTree = "<group>"; };
		4564675F1C1412540087015E /* MASCompositeConstraint.m */ = {isa = PBXFileReference; fileEncoding = 4; lastKnownFileType = sourcecode.c.objc; path = MASCompositeConstraint.m; sourceTree = "<group>"; };
		456467601C1412540087015E /* MASConstraint+Private.h */ = {isa = PBXFileReference; fileEncoding = 4; lastKnownFileType = sourcecode.c.h; path = "MASConstraint+Private.h"; sourceTree = "<group>"; };
		456467611C1412540087015E /* MASConstraint.h */ = {isa = PBXFileReference; fileEncoding = 4; lastKnownFileType = sourcecode.c.h; path = MASConstraint.h; sourceTree = "<group>"; };
		456467621C1412540087015E /* MASConstraint.m */ = {isa = PBXFileReference; fileEncoding = 4; lastKnownFileType = sourcecode.c.objc; path = MASConstraint.m; sourceTree = "<group>"; };
		456467631C1412540087015E /* MASConstraintMaker.h */ = {isa = PBXFileReference; fileEncoding = 4; lastKnownFileType = sourcecode.c.h; path = MASConstraintMaker.h; sourceTree = "<group>"; };
		456467641C1412540087015E /* MASConstraintMaker.m */ = {isa = PBXFileReference; fileEncoding = 4; lastKnownFileType = sourcecode.c.objc; path = MASConstraintMaker.m; sourceTree = "<group>"; };
		456467651C1412540087015E /* MASLayoutConstraint.h */ = {isa = PBXFileReference; fileEncoding = 4; lastKnownFileType = sourcecode.c.h; path = MASLayoutConstraint.h; sourceTree = "<group>"; };
		456467661C1412540087015E /* MASLayoutConstraint.m */ = {isa = PBXFileReference; fileEncoding = 4; lastKnownFileType = sourcecode.c.objc; path = MASLayoutConstraint.m; sourceTree = "<group>"; };
		456467671C1412540087015E /* Masonry.h */ = {isa = PBXFileReference; fileEncoding = 4; lastKnownFileType = sourcecode.c.h; path = Masonry.h; sourceTree = "<group>"; };
		456467681C1412540087015E /* MASUtilities.h */ = {isa = PBXFileReference; fileEncoding = 4; lastKnownFileType = sourcecode.c.h; path = MASUtilities.h; sourceTree = "<group>"; };
		456467691C1412540087015E /* MASViewAttribute.h */ = {isa = PBXFileReference; fileEncoding = 4; lastKnownFileType = sourcecode.c.h; path = MASViewAttribute.h; sourceTree = "<group>"; };
		4564676A1C1412540087015E /* MASViewAttribute.m */ = {isa = PBXFileReference; fileEncoding = 4; lastKnownFileType = sourcecode.c.objc; path = MASViewAttribute.m; sourceTree = "<group>"; };
		4564676B1C1412540087015E /* MASViewConstraint.h */ = {isa = PBXFileReference; fileEncoding = 4; lastKnownFileType = sourcecode.c.h; path = MASViewConstraint.h; sourceTree = "<group>"; };
		4564676C1C1412540087015E /* MASViewConstraint.m */ = {isa = PBXFileReference; fileEncoding = 4; lastKnownFileType = sourcecode.c.objc; path = MASViewConstraint.m; sourceTree = "<group>"; };
		4564676D1C1412540087015E /* NSArray+MASAdditions.h */ = {isa = PBXFileReference; fileEncoding = 4; lastKnownFileType = sourcecode.c.h; path = "NSArray+MASAdditions.h"; sourceTree = "<group>"; };
		4564676E1C1412540087015E /* NSArray+MASAdditions.m */ = {isa = PBXFileReference; fileEncoding = 4; lastKnownFileType = sourcecode.c.objc; path = "NSArray+MASAdditions.m"; sourceTree = "<group>"; };
		4564676F1C1412540087015E /* NSArray+MASShorthandAdditions.h */ = {isa = PBXFileReference; fileEncoding = 4; lastKnownFileType = sourcecode.c.h; path = "NSArray+MASShorthandAdditions.h"; sourceTree = "<group>"; };
		456467701C1412540087015E /* NSLayoutConstraint+MASDebugAdditions.h */ = {isa = PBXFileReference; fileEncoding = 4; lastKnownFileType = sourcecode.c.h; path = "NSLayoutConstraint+MASDebugAdditions.h"; sourceTree = "<group>"; };
		456467711C1412540087015E /* NSLayoutConstraint+MASDebugAdditions.m */ = {isa = PBXFileReference; fileEncoding = 4; lastKnownFileType = sourcecode.c.objc; path = "NSLayoutConstraint+MASDebugAdditions.m"; sourceTree = "<group>"; };
		456467721C1412540087015E /* View+MASAdditions.h */ = {isa = PBXFileReference; fileEncoding = 4; lastKnownFileType = sourcecode.c.h; path = "View+MASAdditions.h"; sourceTree = "<group>"; };
		456467731C1412540087015E /* View+MASAdditions.m */ = {isa = PBXFileReference; fileEncoding = 4; lastKnownFileType = sourcecode.c.objc; path = "View+MASAdditions.m"; sourceTree = "<group>"; };
		456467741C1412540087015E /* View+MASShorthandAdditions.h */ = {isa = PBXFileReference; fileEncoding = 4; lastKnownFileType = sourcecode.c.h; path = "View+MASShorthandAdditions.h"; sourceTree = "<group>"; };
		456467751C1412540087015E /* ViewController+MASAdditions.h */ = {isa = PBXFileReference; fileEncoding = 4; lastKnownFileType = sourcecode.c.h; path = "ViewController+MASAdditions.h"; sourceTree = "<group>"; };
		456467761C1412540087015E /* ViewController+MASAdditions.m */ = {isa = PBXFileReference; fileEncoding = 4; lastKnownFileType = sourcecode.c.objc; path = "ViewController+MASAdditions.m"; sourceTree = "<group>"; };
/* End PBXFileReference section */

/* Begin PBXFrameworksBuildPhase section */
		456467231C1411B70087015E /* Frameworks */ = {
			isa = PBXFrameworksBuildPhase;
			buildActionMask = 2147483647;
			files = (
			);
			runOnlyForDeploymentPostprocessing = 0;
		};
		4564673C1C1411B80087015E /* Frameworks */ = {
			isa = PBXFrameworksBuildPhase;
			buildActionMask = 2147483647;
			files = (
			);
			runOnlyForDeploymentPostprocessing = 0;
		};
		456467471C1411B80087015E /* Frameworks */ = {
			isa = PBXFrameworksBuildPhase;
			buildActionMask = 2147483647;
			files = (
			);
			runOnlyForDeploymentPostprocessing = 0;
		};
/* End PBXFrameworksBuildPhase section */

/* Begin PBXGroup section */
		4564671D1C1411B70087015E = {
			isa = PBXGroup;
			children = (
				456467281C1411B70087015E /* MasonryDemo */,
				456467421C1411B80087015E /* MasonryDemoTests */,
				4564674D1C1411B80087015E /* MasonryDemoUITests */,
				456467271C1411B70087015E /* Products */,
			);
			sourceTree = "<group>";
		};
		456467271C1411B70087015E /* Products */ = {
			isa = PBXGroup;
			children = (
				456467261C1411B70087015E /* MasonryDemo.app */,
				4564673F1C1411B80087015E /* MasonryDemoTests.xctest */,
				4564674A1C1411B80087015E /* MasonryDemoUITests.xctest */,
			);
			name = Products;
			sourceTree = "<group>";
		};
		456467281C1411B70087015E /* MasonryDemo */ = {
			isa = PBXGroup;
			children = (
				4564675C1C1412540087015E /* Masonry */,
				4564672C1C1411B70087015E /* AppDelegate.h */,
				4564672D1C1411B70087015E /* AppDelegate.m */,
				4564672F1C1411B70087015E /* ViewController.h */,
				456467301C1411B70087015E /* ViewController.m */,
				456467321C1411B70087015E /* Main.storyboard */,
				456467351C1411B70087015E /* Assets.xcassets */,
				456467371C1411B70087015E /* LaunchScreen.storyboard */,
				4564673A1C1411B70087015E /* Info.plist */,
				456467291C1411B70087015E /* Supporting Files */,
			);
			path = MasonryDemo;
			sourceTree = "<group>";
		};
		456467291C1411B70087015E /* Supporting Files */ = {
			isa = PBXGroup;
			children = (
				4564672A1C1411B70087015E /* main.m */,
			);
			name = "Supporting Files";
			sourceTree = "<group>";
		};
		456467421C1411B80087015E /* MasonryDemoTests */ = {
			isa = PBXGroup;
			children = (
				456467431C1411B80087015E /* MasonryDemoTests.m */,
				456467451C1411B80087015E /* Info.plist */,
			);
			path = MasonryDemoTests;
			sourceTree = "<group>";
		};
		4564674D1C1411B80087015E /* MasonryDemoUITests */ = {
			isa = PBXGroup;
			children = (
				4564674E1C1411B80087015E /* MasonryDemoUITests.m */,
				456467501C1411B80087015E /* Info.plist */,
			);
			path = MasonryDemoUITests;
			sourceTree = "<group>";
		};
		4564675C1C1412540087015E /* Masonry */ = {
			isa = PBXGroup;
			children = (
				4564675D1C1412540087015E /* Info.plist */,
				4564675E1C1412540087015E /* MASCompositeConstraint.h */,
				4564675F1C1412540087015E /* MASCompositeConstraint.m */,
				456467601C1412540087015E /* MASConstraint+Private.h */,
				456467611C1412540087015E /* MASConstraint.h */,
				456467621C1412540087015E /* MASConstraint.m */,
				456467631C1412540087015E /* MASConstraintMaker.h */,
				456467641C1412540087015E /* MASConstraintMaker.m */,
				456467651C1412540087015E /* MASLayoutConstraint.h */,
				456467661C1412540087015E /* MASLayoutConstraint.m */,
				456467671C1412540087015E /* Masonry.h */,
				456467681C1412540087015E /* MASUtilities.h */,
				456467691C1412540087015E /* MASViewAttribute.h */,
				4564676A1C1412540087015E /* MASViewAttribute.m */,
				4564676B1C1412540087015E /* MASViewConstraint.h */,
				4564676C1C1412540087015E /* MASViewConstraint.m */,
				4564676D1C1412540087015E /* NSArray+MASAdditions.h */,
				4564676E1C1412540087015E /* NSArray+MASAdditions.m */,
				4564676F1C1412540087015E /* NSArray+MASShorthandAdditions.h */,
				456467701C1412540087015E /* NSLayoutConstraint+MASDebugAdditions.h */,
				456467711C1412540087015E /* NSLayoutConstraint+MASDebugAdditions.m */,
				456467721C1412540087015E /* View+MASAdditions.h */,
				456467731C1412540087015E /* View+MASAdditions.m */,
				456467741C1412540087015E /* View+MASShorthandAdditions.h */,
				456467751C1412540087015E /* ViewController+MASAdditions.h */,
				456467761C1412540087015E /* ViewController+MASAdditions.m */,
			);
			path = Masonry;
			sourceTree = "<group>";
		};
/* End PBXGroup section */

/* Begin PBXNativeTarget section */
		456467251C1411B70087015E /* MasonryDemo */ = {
			isa = PBXNativeTarget;
			buildConfigurationList = 456467531C1411B80087015E /* Build configuration list for PBXNativeTarget "MasonryDemo" */;
			buildPhases = (
				456467221C1411B70087015E /* Sources */,
				456467231C1411B70087015E /* Frameworks */,
				456467241C1411B70087015E /* Resources */,
			);
			buildRules = (
			);
			dependencies = (
			);
			name = MasonryDemo;
			productName = MasonryDemo;
			productReference = 456467261C1411B70087015E /* MasonryDemo.app */;
			productType = "com.apple.product-type.application";
		};
		4564673E1C1411B80087015E /* MasonryDemoTests */ = {
			isa = PBXNativeTarget;
			buildConfigurationList = 456467561C1411B80087015E /* Build configuration list for PBXNativeTarget "MasonryDemoTests" */;
			buildPhases = (
				4564673B1C1411B80087015E /* Sources */,
				4564673C1C1411B80087015E /* Frameworks */,
				4564673D1C1411B80087015E /* Resources */,
			);
			buildRules = (
			);
			dependencies = (
				456467411C1411B80087015E /* PBXTargetDependency */,
			);
			name = MasonryDemoTests;
			productName = MasonryDemoTests;
			productReference = 4564673F1C1411B80087015E /* MasonryDemoTests.xctest */;
			productType = "com.apple.product-type.bundle.unit-test";
		};
		456467491C1411B80087015E /* MasonryDemoUITests */ = {
			isa = PBXNativeTarget;
			buildConfigurationList = 456467591C1411B80087015E /* Build configuration list for PBXNativeTarget "MasonryDemoUITests" */;
			buildPhases = (
				456467461C1411B80087015E /* Sources */,
				456467471C1411B80087015E /* Frameworks */,
				456467481C1411B80087015E /* Resources */,
			);
			buildRules = (
			);
			dependencies = (
				4564674C1C1411B80087015E /* PBXTargetDependency */,
			);
			name = MasonryDemoUITests;
			productName = MasonryDemoUITests;
			productReference = 4564674A1C1411B80087015E /* MasonryDemoUITests.xctest */;
			productType = "com.apple.product-type.bundle.ui-testing";
		};
/* End PBXNativeTarget section */

/* Begin PBXProject section */
		4564671E1C1411B70087015E /* Project object */ = {
			isa = PBXProject;
			attributes = {
				LastUpgradeCheck = 0710;
				ORGANIZATIONNAME = Ely;
				TargetAttributes = {
					456467251C1411B70087015E = {
						CreatedOnToolsVersion = 7.1;
					};
					4564673E1C1411B80087015E = {
						CreatedOnToolsVersion = 7.1;
						TestTargetID = 456467251C1411B70087015E;
					};
					456467491C1411B80087015E = {
						CreatedOnToolsVersion = 7.1;
						TestTargetID = 456467251C1411B70087015E;
					};
				};
			};
			buildConfigurationList = 456467211C1411B70087015E /* Build configuration list for PBXProject "MasonryDemo" */;
			compatibilityVersion = "Xcode 3.2";
			developmentRegion = English;
			hasScannedForEncodings = 0;
			knownRegions = (
				en,
				Base,
			);
			mainGroup = 4564671D1C1411B70087015E;
			productRefGroup = 456467271C1411B70087015E /* Products */;
			projectDirPath = "";
			projectRoot = "";
			targets = (
				456467251C1411B70087015E /* MasonryDemo */,
				4564673E1C1411B80087015E /* MasonryDemoTests */,
				456467491C1411B80087015E /* MasonryDemoUITests */,
			);
		};
/* End PBXProject section */

/* Begin PBXResourcesBuildPhase section */
		456467241C1411B70087015E /* Resources */ = {
			isa = PBXResourcesBuildPhase;
			buildActionMask = 2147483647;
			files = (
				456467771C1412540087015E /* Info.plist in Resources */,
				456467391C1411B70087015E /* LaunchScreen.storyboard in Resources */,
				456467361C1411B70087015E /* Assets.xcassets in Resources */,
				456467341C1411B70087015E /* Main.storyboard in Resources */,
			);
			runOnlyForDeploymentPostprocessing = 0;
		};
		4564673D1C1411B80087015E /* Resources */ = {
			isa = PBXResourcesBuildPhase;
			buildActionMask = 2147483647;
			files = (
			);
			runOnlyForDeploymentPostprocessing = 0;
		};
		456467481C1411B80087015E /* Resources */ = {
			isa = PBXResourcesBuildPhase;
			buildActionMask = 2147483647;
			files = (
			);
			runOnlyForDeploymentPostprocessing = 0;
		};
/* End PBXResourcesBuildPhase section */

/* Begin PBXSourcesBuildPhase section */
		456467221C1411B70087015E /* Sources */ = {
			isa = PBXSourcesBuildPhase;
			buildActionMask = 2147483647;
			files = (
				4564677F1C1412540087015E /* NSLayoutConstraint+MASDebugAdditions.m in Sources */,
				4564677D1C1412540087015E /* MASViewConstraint.m in Sources */,
				456467781C1412540087015E /* MASCompositeConstraint.m in Sources */,
				4564677E1C1412540087015E /* NSArray+MASAdditions.m in Sources */,
				456467311C1411B70087015E /* ViewController.m in Sources */,
				4564672E1C1411B70087015E /* AppDelegate.m in Sources */,
				4564677B1C1412540087015E /* MASLayoutConstraint.m in Sources */,
				4564672B1C1411B70087015E /* main.m in Sources */,
				456467811C1412540087015E /* ViewController+MASAdditions.m in Sources */,
				456467801C1412540087015E /* View+MASAdditions.m in Sources */,
				4564677C1C1412540087015E /* MASViewAttribute.m in Sources */,
				456467791C1412540087015E /* MASConstraint.m in Sources */,
				4564677A1C1412540087015E /* MASConstraintMaker.m in Sources */,
			);
			runOnlyForDeploymentPostprocessing = 0;
		};
		4564673B1C1411B80087015E /* Sources */ = {
			isa = PBXSourcesBuildPhase;
			buildActionMask = 2147483647;
			files = (
				456467441C1411B80087015E /* MasonryDemoTests.m in Sources */,
			);
			runOnlyForDeploymentPostprocessing = 0;
		};
		456467461C1411B80087015E /* Sources */ = {
			isa = PBXSourcesBuildPhase;
			buildActionMask = 2147483647;
			files = (
				4564674F1C1411B80087015E /* MasonryDemoUITests.m in Sources */,
			);
			runOnlyForDeploymentPostprocessing = 0;
		};
/* End PBXSourcesBuildPhase section */

/* Begin PBXTargetDependency section */
		456467411C1411B80087015E /* PBXTargetDependency */ = {
			isa = PBXTargetDependency;
			target = 456467251C1411B70087015E /* MasonryDemo */;
			targetProxy = 456467401C1411B80087015E /* PBXContainerItemProxy */;
		};
		4564674C1C1411B80087015E /* PBXTargetDependency */ = {
			isa = PBXTargetDependency;
			target = 456467251C1411B70087015E /* MasonryDemo */;
			targetProxy = 4564674B1C1411B80087015E /* PBXContainerItemProxy */;
		};
/* End PBXTargetDependency section */

/* Begin PBXVariantGroup section */
		456467321C1411B70087015E /* Main.storyboard */ = {
			isa = PBXVariantGroup;
			children = (
				456467331C1411B70087015E /* Base */,
			);
			name = Main.storyboard;
			sourceTree = "<group>";
		};
		456467371C1411B70087015E /* LaunchScreen.storyboard */ = {
			isa = PBXVariantGroup;
			children = (
				456467381C1411B70087015E /* Base */,
			);
			name = LaunchScreen.storyboard;
			sourceTree = "<group>";
		};
/* End PBXVariantGroup section */

/* Begin XCBuildConfiguration section */
		456467511C1411B80087015E /* Debug */ = {
			isa = XCBuildConfiguration;
			buildSettings = {
				ALWAYS_SEARCH_USER_PATHS = NO;
				CLANG_CXX_LANGUAGE_STANDARD = "gnu++0x";
				CLANG_CXX_LIBRARY = "libc++";
				CLANG_ENABLE_MODULES = YES;
				CLANG_ENABLE_OBJC_ARC = YES;
				CLANG_WARN_BOOL_CONVERSION = YES;
				CLANG_WARN_CONSTANT_CONVERSION = YES;
				CLANG_WARN_DIRECT_OBJC_ISA_USAGE = YES_ERROR;
				CLANG_WARN_EMPTY_BODY = YES;
				CLANG_WARN_ENUM_CONVERSION = YES;
				CLANG_WARN_INT_CONVERSION = YES;
				CLANG_WARN_OBJC_ROOT_CLASS = YES_ERROR;
				CLANG_WARN_UNREACHABLE_CODE = YES;
				CLANG_WARN__DUPLICATE_METHOD_MATCH = YES;
				"CODE_SIGN_IDENTITY[sdk=iphoneos*]" = "iPhone Developer";
				COPY_PHASE_STRIP = NO;
				DEBUG_INFORMATION_FORMAT = dwarf;
				ENABLE_STRICT_OBJC_MSGSEND = YES;
				ENABLE_TESTABILITY = YES;
				GCC_C_LANGUAGE_STANDARD = gnu99;
				GCC_DYNAMIC_NO_PIC = NO;
				GCC_NO_COMMON_BLOCKS = YES;
				GCC_OPTIMIZATION_LEVEL = 0;
				GCC_PREPROCESSOR_DEFINITIONS = (
					"DEBUG=1",
					"$(inherited)",
				);
				GCC_WARN_64_TO_32_BIT_CONVERSION = YES;
				GCC_WARN_ABOUT_RETURN_TYPE = YES_ERROR;
				GCC_WARN_UNDECLARED_SELECTOR = YES;
				GCC_WARN_UNINITIALIZED_AUTOS = YES_AGGRESSIVE;
				GCC_WARN_UNUSED_FUNCTION = YES;
				GCC_WARN_UNUSED_VARIABLE = YES;
				IPHONEOS_DEPLOYMENT_TARGET = 9.1;
				MTL_ENABLE_DEBUG_INFO = YES;
				ONLY_ACTIVE_ARCH = YES;
				SDKROOT = iphoneos;
				TARGETED_DEVICE_FAMILY = "1,2";
			};
			name = Debug;
		};
		456467521C1411B80087015E /* Release */ = {
			isa = XCBuildConfiguration;
			buildSettings = {
				ALWAYS_SEARCH_USER_PATHS = NO;
				CLANG_CXX_LANGUAGE_STANDARD = "gnu++0x";
				CLANG_CXX_LIBRARY = "libc++";
				CLANG_ENABLE_MODULES = YES;
				CLANG_ENABLE_OBJC_ARC = YES;
				CLANG_WARN_BOOL_CONVERSION = YES;
				CLANG_WARN_CONSTANT_CONVERSION = YES;
				CLANG_WARN_DIRECT_OBJC_ISA_USAGE = YES_ERROR;
				CLANG_WARN_EMPTY_BODY = YES;
				CLANG_WARN_ENUM_CONVERSION = YES;
				CLANG_WARN_INT_CONVERSION = YES;
				CLANG_WARN_OBJC_ROOT_CLASS = YES_ERROR;
				CLANG_WARN_UNREACHABLE_CODE = YES;
				CLANG_WARN__DUPLICATE_METHOD_MATCH = YES;
				"CODE_SIGN_IDENTITY[sdk=iphoneos*]" = "iPhone Developer";
				COPY_PHASE_STRIP = NO;
				DEBUG_INFORMATION_FORMAT = "dwarf-with-dsym";
				ENABLE_NS_ASSERTIONS = NO;
				ENABLE_STRICT_OBJC_MSGSEND = YES;
				GCC_C_LANGUAGE_STANDARD = gnu99;
				GCC_NO_COMMON_BLOCKS = YES;
				GCC_WARN_64_TO_32_BIT_CONVERSION = YES;
				GCC_WARN_ABOUT_RETURN_TYPE = YES_ERROR;
				GCC_WARN_UNDECLARED_SELECTOR = YES;
				GCC_WARN_UNINITIALIZED_AUTOS = YES_AGGRESSIVE;
				GCC_WARN_UNUSED_FUNCTION = YES;
				GCC_WARN_UNUSED_VARIABLE = YES;
				IPHONEOS_DEPLOYMENT_TARGET = 9.1;
				MTL_ENABLE_DEBUG_INFO = NO;
				SDKROOT = iphoneos;
				TARGETED_DEVICE_FAMILY = "1,2";
				VALIDATE_PRODUCT = YES;
			};
			name = Release;
		};
		456467541C1411B80087015E /* Debug */ = {
			isa = XCBuildConfiguration;
			buildSettings = {
				ASSETCATALOG_COMPILER_APPICON_NAME = AppIcon;
				INFOPLIST_FILE = MasonryDemo/Info.plist;
				LD_RUNPATH_SEARCH_PATHS = "$(inherited) @executable_path/Frameworks";
				PRODUCT_BUNDLE_IDENTIFIER = "github.com-yimouleng.MasonryDemo";
				PRODUCT_NAME = "$(TARGET_NAME)";
			};
			name = Debug;
		};
		456467551C1411B80087015E /* Release */ = {
			isa = XCBuildConfiguration;
			buildSettings = {
				ASSETCATALOG_COMPILER_APPICON_NAME = AppIcon;
				INFOPLIST_FILE = MasonryDemo/Info.plist;
				LD_RUNPATH_SEARCH_PATHS = "$(inherited) @executable_path/Frameworks";
				PRODUCT_BUNDLE_IDENTIFIER = "github.com-yimouleng.MasonryDemo";
				PRODUCT_NAME = "$(TARGET_NAME)";
			};
			name = Release;
		};
		456467571C1411B80087015E /* Debug */ = {
			isa = XCBuildConfiguration;
			buildSettings = {
				BUNDLE_LOADER = "$(TEST_HOST)";
				INFOPLIST_FILE = MasonryDemoTests/Info.plist;
				LD_RUNPATH_SEARCH_PATHS = "$(inherited) @executable_path/Frameworks @loader_path/Frameworks";
				PRODUCT_BUNDLE_IDENTIFIER = "github.com-yimouleng.MasonryDemoTests";
				PRODUCT_NAME = "$(TARGET_NAME)";
				TEST_HOST = "$(BUILT_PRODUCTS_DIR)/MasonryDemo.app/MasonryDemo";
			};
			name = Debug;
		};
		456467581C1411B80087015E /* Release */ = {
			isa = XCBuildConfiguration;
			buildSettings = {
				BUNDLE_LOADER = "$(TEST_HOST)";
				INFOPLIST_FILE = MasonryDemoTests/Info.plist;
				LD_RUNPATH_SEARCH_PATHS = "$(inherited) @executable_path/Frameworks @loader_path/Frameworks";
				PRODUCT_BUNDLE_IDENTIFIER = "github.com-yimouleng.MasonryDemoTests";
				PRODUCT_NAME = "$(TARGET_NAME)";
				TEST_HOST = "$(BUILT_PRODUCTS_DIR)/MasonryDemo.app/MasonryDemo";
			};
			name = Release;
		};
		4564675A1C1411B80087015E /* Debug */ = {
			isa = XCBuildConfiguration;
			buildSettings = {
				INFOPLIST_FILE = MasonryDemoUITests/Info.plist;
				LD_RUNPATH_SEARCH_PATHS = "$(inherited) @executable_path/Frameworks @loader_path/Frameworks";
				PRODUCT_BUNDLE_IDENTIFIER = "github.com-yimouleng.MasonryDemoUITests";
				PRODUCT_NAME = "$(TARGET_NAME)";
				TEST_TARGET_NAME = MasonryDemo;
				USES_XCTRUNNER = YES;
			};
			name = Debug;
		};
		4564675B1C1411B80087015E /* Release */ = {
			isa = XCBuildConfiguration;
			buildSettings = {
				INFOPLIST_FILE = MasonryDemoUITests/Info.plist;
				LD_RUNPATH_SEARCH_PATHS = "$(inherited) @executable_path/Frameworks @loader_path/Frameworks";
				PRODUCT_BUNDLE_IDENTIFIER = "github.com-yimouleng.MasonryDemoUITests";
				PRODUCT_NAME = "$(TARGET_NAME)";
				TEST_TARGET_NAME = MasonryDemo;
				USES_XCTRUNNER = YES;
			};
			name = Release;
		};
/* End XCBuildConfiguration section */

/* Begin XCConfigurationList section */
		456467211C1411B70087015E /* Build configuration list for PBXProject "MasonryDemo" */ = {
			isa = XCConfigurationList;
			buildConfigurations = (
				456467511C1411B80087015E /* Debug */,
				456467521C1411B80087015E /* Release */,
			);
			defaultConfigurationIsVisible = 0;
			defaultConfigurationName = Release;
		};
		456467531C1411B80087015E /* Build configuration list for PBXNativeTarget "MasonryDemo" */ = {
			isa = XCConfigurationList;
			buildConfigurations = (
				456467541C1411B80087015E /* Debug */,
				456467551C1411B80087015E /* Release */,
			);
			defaultConfigurationIsVisible = 0;
		};
		456467561C1411B80087015E /* Build configuration list for PBXNativeTarget "MasonryDemoTests" */ = {
			isa = XCConfigurationList;
			buildConfigurations = (
				456467571C1411B80087015E /* Debug */,
				456467581C1411B80087015E /* Release */,
			);
			defaultConfigurationIsVisible = 0;
		};
		456467591C1411B80087015E /* Build configuration list for PBXNativeTarget "MasonryDemoUITests" */ = {
			isa = XCConfigurationList;
			buildConfigurations = (
				4564675A1C1411B80087015E /* Debug */,
				4564675B1C1411B80087015E /* Release */,
			);
			defaultConfigurationIsVisible = 0;
		};
/* End XCConfigurationList section */
	};
	rootObject = 4564671E1C1411B70087015E /* Project object */;
}
